
Microsoft Visual Studio Solution File, Format Version 12.00
# Visual Studio Version 17
VisualStudioVersion = 17.9.34723.18
MinimumVisualStudioVersion = 10.0.40219.1
Project("{8BC9CEB8-8B4A-11D0-8D11-00A0C91BC942}") = "Bank System with OOP", "Bank System with OOP.vcxproj", "{6E3EC618-CDAF-45C8-81A4-DD8D30ED6ACB}"
EndProject
Global
	GlobalSection(SolutionConfigurationPlatforms) = preSolution
		Debug|x64 = Debug|x64
		Debug|x86 = Debug|x86
		Release|x64 = Release|x64
		Release|x86 = Release|x86
	EndGlobalSection
	GlobalSection(ProjectConfigurationPlatforms) = postSolution
		{6E3EC618-CDAF-45C8-81A4-DD8D30ED6ACB}.Debug|x64.ActiveCfg = Debug|x64
		{6E3EC618-CDAF-45C8-81A4-DD8D30ED6ACB}.Debug|x64.Build.0 = Debug|x64
		{6E3EC618-CDAF-45C8-81A4-DD8D30ED6ACB}.Debug|x86.ActiveCfg = Debug|Win32
		{6E3EC618-CDAF-45C8-81A4-DD8D30ED6ACB}.Debug|x86.Build.0 = Debug|Win32
		{6E3EC618-CDAF-45C8-81A4-DD8D30ED6ACB}.Release|x64.ActiveCfg = Release|x64
		{6E3EC618-CDAF-45C8-81A4-DD8D30ED6ACB}.Release|x64.Build.0 = Release|x64
		{6E3EC618-CDAF-45C8-81A4-DD8D30ED6ACB}.Release|x86.ActiveCfg = Release|Win32
		{6E3EC618-CDAF-45C8-81A4-DD8D30ED6ACB}.Release|x86.Build.0 = Release|Win32
	EndGlobalSection
	GlobalSection(SolutionProperties) = preSolution
		HideSolutionNode = FALSE
	EndGlobalSection
	GlobalSection(ExtensibilityGlobals) = postSolution
		SolutionGuid = {80AB072D-5C31-469C-8CE2-439A4E9BADC7}
	EndGlobalSection
EndGlobal
